// !$*UTF8*$!
{
	archiveVersion = 1;
	classes = {
	};
	objectVersion = 46;
	objects = {

/* Begin PBXBuildFile section */
		E11E3F6F1DD4173900D96B91 /* AppDelegate.swift in Sources */ = {isa = PBXBuildFile; fileRef = E11E3F6E1DD4173900D96B91 /* AppDelegate.swift */; };
		E11E3F711DD4173900D96B91 /* FaceViewController.swift in Sources */ = {isa = PBXBuildFile; fileRef = E11E3F701DD4173900D96B91 /* FaceViewController.swift */; };
		E11E3F741DD4173900D96B91 /* Main.storyboard in Resources */ = {isa = PBXBuildFile; fileRef = E11E3F721DD4173900D96B91 /* Main.storyboard */; };
		E11E3F761DD4173900D96B91 /* Assets.xcassets in Resources */ = {isa = PBXBuildFile; fileRef = E11E3F751DD4173900D96B91 /* Assets.xcassets */; };
		E11E3F791DD4173900D96B91 /* LaunchScreen.storyboard in Resources */ = {isa = PBXBuildFile; fileRef = E11E3F771DD4173900D96B91 /* LaunchScreen.storyboard */; };
		E11E3F821DD4178200D96B91 /* FaceView.swift in Sources */ = {isa = PBXBuildFile; fileRef = E11E3F811DD4178200D96B91 /* FaceView.swift */; };
		E11E3F841DD4434600D96B91 /* FacialExpression.swift in Sources */ = {isa = PBXBuildFile; fileRef = E11E3F831DD4434600D96B91 /* FacialExpression.swift */; };
/* End PBXBuildFile section */

/* Begin PBXFileReference section */
		E11E3F6B1DD4173900D96B91 /* FaceIt4.app */ = {isa = PBXFileReference; explicitFileType = wrapper.application; includeInIndex = 0; path = FaceIt4.app; sourceTree = BUILT_PRODUCTS_DIR; };
		E11E3F6E1DD4173900D96B91 /* AppDelegate.swift */ = {isa = PBXFileReference; lastKnownFileType = sourcecode.swift; path = AppDelegate.swift; sourceTree = "<group>"; };
		E11E3F701DD4173900D96B91 /* FaceViewController.swift */ = {isa = PBXFileReference; lastKnownFileType = sourcecode.swift; path = FaceViewController.swift; sourceTree = "<group>"; };
		E11E3F731DD4173900D96B91 /* Base */ = {isa = PBXFileReference; lastKnownFileType = file.storyboard; name = Base; path = Base.lproj/Main.storyboard; sourceTree = "<group>"; };
		E11E3F751DD4173900D96B91 /* Assets.xcassets */ = {isa = PBXFileReference; lastKnownFileType = folder.assetcatalog; path = Assets.xcassets; sourceTree = "<group>"; };
		E11E3F781DD4173900D96B91 /* Base */ = {isa = PBXFileReference; lastKnownFileType = file.storyboard; name = Base; path = Base.lproj/LaunchScreen.storyboard; sourceTree = "<group>"; };
		E11E3F7A1DD4173900D96B91 /* Info.plist */ = {isa = PBXFileReference; lastKnownFileType = text.plist.xml; path = Info.plist; sourceTree = "<group>"; };
		E11E3F811DD4178200D96B91 /* FaceView.swift */ = {isa = PBXFileReference; fileEncoding = 4; lastKnownFileType = sourcecode.swift; path = FaceView.swift; sourceTree = "<group>"; };
		E11E3F831DD4434600D96B91 /* FacialExpression.swift */ = {isa = PBXFileReference; fileEncoding = 4; lastKnownFileType = sourcecode.swift; path = FacialExpression.swift; sourceTree = "<group>"; };
/* End PBXFileReference section */

/* Begin PBXFrameworksBuildPhase section */
		E11E3F681DD4173900D96B91 /* Frameworks */ = {
			isa = PBXFrameworksBuildPhase;
			buildActionMask = 2147483647;
			files = (
			);
			runOnlyForDeploymentPostprocessing = 0;
		};
/* End PBXFrameworksBuildPhase section */

/* Begin PBXGroup section */
		E11E3F621DD4173900D96B91 = {
			isa = PBXGroup;
			children = (
				E11E3F6D1DD4173900D96B91 /* FaceIt4 */,
				E11E3F6C1DD4173900D96B91 /* Products */,
			);
			sourceTree = "<group>";
		};
		E11E3F6C1DD4173900D96B91 /* Products */ = {
			isa = PBXGroup;
			children = (
				E11E3F6B1DD4173900D96B91 /* FaceIt4.app */,
			);
			name = Products;
			sourceTree = "<group>";
		};
		E11E3F6D1DD4173900D96B91 /* FaceIt4 */ = {
			isa = PBXGroup;
			children = (
				E11E3F801DD4174200D96B91 /* Resources */,
				E11E3F701DD4173900D96B91 /* FaceViewController.swift */,
				E11E3F721DD4173900D96B91 /* Main.storyboard */,
				E11E3F811DD4178200D96B91 /* FaceView.swift */,
				E11E3F831DD4434600D96B91 /* FacialExpression.swift */,
			);
			path = FaceIt4;
			sourceTree = "<group>";
		};
		E11E3F801DD4174200D96B91 /* Resources */ = {
			isa = PBXGroup;
			children = (
				E11E3F6E1DD4173900D96B91 /* AppDelegate.swift */,
				E11E3F751DD4173900D96B91 /* Assets.xcassets */,
				E11E3F771DD4173900D96B91 /* LaunchScreen.storyboard */,
				E11E3F7A1DD4173900D96B91 /* Info.plist */,
			);
			name = Resources;
			sourceTree = "<group>";
		};
/* End PBXGroup section */

/* Begin PBXNativeTarget section */
		E11E3F6A1DD4173900D96B91 /* FaceIt4 */ = {
			isa = PBXNativeTarget;
			buildConfigurationList = E11E3F7D1DD4173900D96B91 /* Build configuration list for PBXNativeTarget "FaceIt4" */;
			buildPhases = (
				E11E3F671DD4173900D96B91 /* Sources */,
				E11E3F681DD4173900D96B91 /* Frameworks */,
				E11E3F691DD4173900D96B91 /* Resources */,
			);
			buildRules = (
			);
			dependencies = (
			);
			name = FaceIt4;
			productName = FaceIt4;
			productReference = E11E3F6B1DD4173900D96B91 /* FaceIt4.app */;
			productType = "com.apple.product-type.application";
		};
/* End PBXNativeTarget section */

/* Begin PBXProject section */
		E11E3F631DD4173900D96B91 /* Project object */ = {
			isa = PBXProject;
			attributes = {
				LastSwiftUpdateCheck = 0810;
				LastUpgradeCheck = 0810;
				ORGANIZATIONNAME = "yonghwankim's macbook";
				TargetAttributes = {
					E11E3F6A1DD4173900D96B91 = {
						CreatedOnToolsVersion = 8.1;
						DevelopmentTeam = 2S2GLU99NP;
						ProvisioningStyle = Automatic;
					};
				};
			};
			buildConfigurationList = E11E3F661DD4173900D96B91 /* Build configuration list for PBXProject "FaceIt4" */;
			compatibilityVersion = "Xcode 3.2";
			developmentRegion = English;
			hasScannedForEncodings = 0;
			knownRegions = (
				en,
				Base,
			);
			mainGroup = E11E3F621DD4173900D96B91;
			productRefGroup = E11E3F6C1DD4173900D96B91 /* Products */;
			projectDirPath = "";
			projectRoot = "";
			targets = (
				E11E3F6A1DD4173900D96B91 /* FaceIt4 */,
			);
		};
/* End PBXProject section */

/* Begin PBXResourcesBuildPhase section */
		E11E3F691DD4173900D96B91 /* Resources */ = {
			isa = PBXResourcesBuildPhase;
			buildActionMask = 2147483647;
			files = (
				E11E3F791DD4173900D96B91 /* LaunchScreen.storyboard in Resources */,
				E11E3F761DD4173900D96B91 /* Assets.xcassets in Resources */,
				E11E3F741DD4173900D96B91 /* Main.storyboard in Resources */,
			);
			runOnlyForDeploymentPostprocessing = 0;
		};
/* End PBXResourcesBuildPhase section */

/* Begin PBXSourcesBuildPhase section */
		E11E3F671DD4173900D96B91 /* Sources */ = {
			isa = PBXSourcesBuildPhase;
			buildActionMask = 2147483647;
			files = (
				E11E3F711DD4173900D96B91 /* FaceViewController.swift in Sources */,
				E11E3F841DD4434600D96B91 /* FacialExpression.swift in Sources */,
				E11E3F6F1DD4173900D96B91 /* AppDelegate.swift in Sources */,
				E11E3F821DD4178200D96B91 /* FaceView.swift in Sources */,
			);
			runOnlyForDeploymentPostprocessing = 0;
		};
/* End PBXSourcesBuildPhase section */

/* Begin PBXVariantGroup section */
		E11E3F721DD4173900D96B91 /* Main.storyboard */ = {
			isa = PBXVariantGroup;
			children = (
				E11E3F731DD4173900D96B91 /* Base */,
			);
			name = Main.storyboard;
			sourceTree = "<group>";
		};
		E11E3F771DD4173900D96B91 /* LaunchScreen.storyboard */ = {
			isa = PBXVariantGroup;
			children = (
				E11E3F781DD4173900D96B91 /* Base */,
			);
			name = LaunchScreen.storyboard;
			sourceTree = "<group>";
		};
/* End PBXVariantGroup section */

/* Begin XCBuildConfiguration section */
		E11E3F7B1DD4173900D96B91 /* Debug */ = {
			isa = XCBuildConfiguration;
			buildSettings = {
				ALWAYS_SEARCH_USER_PATHS = NO;
				CLANG_ANALYZER_NONNULL = YES;
				CLANG_CXX_LANGUAGE_STANDARD = "gnu++0x";
				CLANG_CXX_LIBRARY = "libc++";
				CLANG_ENABLE_MODULES = YES;
				CLANG_ENABLE_OBJC_ARC = YES;
				CLANG_WARN_BOOL_CONVERSION = YES;
				CLANG_WARN_CONSTANT_CONVERSION = YES;
				CLANG_WARN_DIRECT_OBJC_ISA_USAGE = YES_ERROR;
				CLANG_WARN_DOCUMENTATION_COMMENTS = YES;
				CLANG_WARN_EMPTY_BODY = YES;
				CLANG_WARN_ENUM_CONVERSION = YES;
				CLANG_WARN_INFINITE_RECURSION = YES;
				CLANG_WARN_INT_CONVERSION = YES;
				CLANG_WARN_OBJC_ROOT_CLASS = YES_ERROR;
				CLANG_WARN_SUSPICIOUS_MOVES = YES;
				CLANG_WARN_UNREACHABLE_CODE = YES;
				CLANG_WARN__DUPLICATE_METHOD_MATCH = YES;
				"CODE_SIGN_IDENTITY[sdk=iphoneos*]" = "iPhone Developer";
				COPY_PHASE_STRIP = NO;
				DEBUG_INFORMATION_FORMAT = dwarf;
				ENABLE_STRICT_OBJC_MSGSEND = YES;
				ENABLE_TESTABILITY = YES;
				GCC_C_LANGUAGE_STANDARD = gnu99;
				GCC_DYNAMIC_NO_PIC = NO;
				GCC_NO_COMMON_BLOCKS = YES;
				GCC_OPTIMIZATION_LEVEL = 0;
				GCC_PREPROCESSOR_DEFINITIONS = (
					"DEBUG=1",
					"$(inherited)",
				);
				GCC_WARN_64_TO_32_BIT_CONVERSION = YES;
				GCC_WARN_ABOUT_RETURN_TYPE = YES_ERROR;
				GCC_WARN_UNDECLARED_SELECTOR = YES;
				GCC_WARN_UNINITIALIZED_AUTOS = YES_AGGRESSIVE;
				GCC_WARN_UNUSED_FUNCTION = YES;
				GCC_WARN_UNUSED_VARIABLE = YES;
				IPHONEOS_DEPLOYMENT_TARGET = 10.1;
				MTL_ENABLE_DEBUG_INFO = YES;
				ONLY_ACTIVE_ARCH = YES;
				SDKROOT = iphoneos;
				SWIFT_ACTIVE_COMPILATION_CONDITIONS = DEBUG;
				SWIFT_OPTIMIZATION_LEVEL = "-Onone";
			};
			name = Debug;
		};
		E11E3F7C1DD4173900D96B91 /* Release */ = {
			isa = XCBuildConfiguration;
			buildSettings = {
				ALWAYS_SEARCH_USER_PATHS = NO;
				CLANG_ANALYZER_NONNULL = YES;
				CLANG_CXX_LANGUAGE_STANDARD = "gnu++0x";
				CLANG_CXX_LIBRARY = "libc++";
				CLANG_ENABLE_MODULES = YES;
				CLANG_ENABLE_OBJC_ARC = YES;
				CLANG_WARN_BOOL_CONVERSION = YES;
				CLANG_WARN_CONSTANT_CONVERSION = YES;
				CLANG_WARN_DIRECT_OBJC_ISA_USAGE = YES_ERROR;
				CLANG_WARN_DOCUMENTATION_COMMENTS = YES;
				CLANG_WARN_EMPTY_BODY = YES;
				CLANG_WARN_ENUM_CONVERSION = YES;
				CLANG_WARN_INFINITE_RECURSION = YES;
				CLANG_WARN_INT_CONVERSION = YES;
				CLANG_WARN_OBJC_ROOT_CLASS = YES_ERROR;
				CLANG_WARN_SUSPICIOUS_MOVES = YES;
				CLANG_WARN_UNREACHABLE_CODE = YES;
				CLANG_WARN__DUPLICATE_METHOD_MATCH = YES;
				"CODE_SIGN_IDENTITY[sdk=iphoneos*]" = "iPhone Developer";
				COPY_PHASE_STRIP = NO;
				DEBUG_INFORMATION_FORMAT = "dwarf-with-dsym";
				ENABLE_NS_ASSERTIONS = NO;
				ENABLE_STRICT_OBJC_MSGSEND = YES;
				GCC_C_LANGUAGE_STANDARD = gnu99;
				GCC_NO_COMMON_BLOCKS = YES;
				GCC_WARN_64_TO_32_BIT_CONVERSION = YES;
				GCC_WARN_ABOUT_RETURN_TYPE = YES_ERROR;
				GCC_WARN_UNDECLARED_SELECTOR = YES;
				GCC_WARN_UNINITIALIZED_AUTOS = YES_AGGRESSIVE;
				GCC_WARN_UNUSED_FUNCTION = YES;
				GCC_WARN_UNUSED_VARIABLE = YES;
				IPHONEOS_DEPLOYMENT_TARGET = 10.1;
				MTL_ENABLE_DEBUG_INFO = NO;
				SDKROOT = iphoneos;
				SWIFT_OPTIMIZATION_LEVEL = "-Owholemodule";
				VALIDATE_PRODUCT = YES;
			};
			name = Release;
		};
		E11E3F7E1DD4173900D96B91 /* Debug */ = {
			isa = XCBuildConfiguration;
			buildSettings = {
				ASSETCATALOG_COMPILER_APPICON_NAME = AppIcon;
				DEVELOPMENT_TEAM = 2S2GLU99NP;
				INFOPLIST_FILE = FaceIt4/Info.plist;
				IPHONEOS_DEPLOYMENT_TARGET = 9.2;
				LD_RUNPATH_SEARCH_PATHS = "$(inherited) @executable_path/Frameworks";
				PRODUCT_BUNDLE_IDENTIFIER = io.yonghwan.developer.FaceIt4;
				PRODUCT_NAME = "$(TARGET_NAME)";
				SWIFT_VERSION = 3.0;
			};
			name = Debug;
		};
		E11E3F7F1DD4173900D96B91 /* Release */ = {
			isa = XCBuildConfiguration;
			buildSettings = {
				ASSETCATALOG_COMPILER_APPICON_NAME = AppIcon;
				DEVELOPMENT_TEAM = 2S2GLU99NP;
				INFOPLIST_FILE = FaceIt4/Info.plist;
				IPHONEOS_DEPLOYMENT_TARGET = 9.2;
				LD_RUNPATH_SEARCH_PATHS = "$(inherited) @executable_path/Frameworks";
				PRODUCT_BUNDLE_IDENTIFIER = io.yonghwan.developer.FaceIt4;
				PRODUCT_NAME = "$(TARGET_NAME)";
				SWIFT_VERSION = 3.0;
			};
			name = Release;
		};
/* End XCBuildConfiguration section */

/* Begin XCConfigurationList section */
		E11E3F661DD4173900D96B91 /* Build configuration list for PBXProject "FaceIt4" */ = {
			isa = XCConfigurationList;
			buildConfigurations = (
				E11E3F7B1DD4173900D96B91 /* Debug */,
				E11E3F7C1DD4173900D96B91 /* Release */,
			);
			defaultConfigurationIsVisible = 0;
			defaultConfigurationName = Release;
		};
		E11E3F7D1DD4173900D96B91 /* Build configuration list for PBXNativeTarget "FaceIt4" */ = {
			isa = XCConfigurationList;
			buildConfigurations = (
				E11E3F7E1DD4173900D96B91 /* Debug */,
				E11E3F7F1DD4173900D96B91 /* Release */,
			);
			defaultConfigurationIsVisible = 0;
		};
/* End XCConfigurationList section */
	};
	rootObject = E11E3F631DD4173900D96B91 /* Project object */;
}
